github.com/hashicorp/golang-lru/v2 v2.0.7 h1:a+bsQ5rvGLjzHuww6tVxozPZFVghXaHOwFs4luLUK2k=
github.com/hashicorp/golang-lru/v2 v2.0.7/go.mod h1:QeFd9opnmA6QUJc5vARoKUSoFhyfM2/ZepoAG6RGpeM=
github.com/majewsky/gg v1.1.0 h1:rvbQAUVJ8Q0RWZF26k3BxQBbQnRj3CdIN+Aaqu1qaJo=
github.com/majewsky/gg v1.1.0/go.mod h1:KC7qUlln1VBY90OE0jXMNjXW2b9B4jJ1heYQ08OzeAg=
github.com/sapcc/go-api-declarations v1.17.3 h1:ILRfsFD9ChSeekyzlDInLMqjC830gBcyK6ULlFdP45I=
github.com/sapcc/go-api-declarations v1.17.3/go.mod h1:MWmLjmvjftgyAugNUfIhsDsHIzXH1pn32cWLZpiluKg=
github.com/sapcc/go-bits v0.0.0-20250811141703-79d9564d7be1 h1:SFANSgW2WDrbu0XpUfEa7MCpjqD9R2d8AHlkmy4ljuY=
github.com/sapcc/go-bits v0.0.0-20250811141703-79d9564d7be1/go.mod h1:z6WAygWMeZsLuWa/7iE09Ah5/fpqSZS/G/FNi2j6oIY=
github.com/sergi/go-diff v1.4.0 h1:n/SP9D5ad1fORl+llWyN+D6qoUETXNZARKjyY2/KVCw=
github.com/sergi/go-diff v1.4.0/go.mod h1:A0bzQcvG0E7Rwjx0REVgAGH58e96+X0MeOfepqsbeW4=
github.com/spf13/pflag v1.0.7 h1:vN6T9TfwStFPFM5XzjsvmzZkLuaLX+HS+0SeFLRgU6M=
github.com/spf13/pflag v1.0.7/go.mod h1:McXfInJRrz4CZXVZOBLb0bTZqETkiAhM9Iw0y3An2Bg=
golang.org/x/mod v0.27.0 h1:kb+q2PyFnEADO2IEF935ehFUXlWiNjJWtRNgBLSfbxQ=
golang.org/x/mod v0.27.0/go.mod h1:rWI627Fq0DEoudcK+MBkNkCe0EetEaDSwJJkCcjpazc=
gopkg.in/check.v1 v0.0.0-20161208181325-20d25e280405 h1:yhCVgyC4o1eVCa2tZl7eS0r+SDo693bJlVdllGtEeKM=
gopkg.in/check.v1 v0.0.0-20161208181325-20d25e280405/go.mod h1:Co6ibVJAznAaIkqp8huTwlJQCZ016jof/cbN4VW5Yz0=
gopkg.in/yaml.v2 v2.4.0 h1:D8xgwECY7CYvx+Y2n4sBz93Jn9JRvxdiyyo8CTfuKaY=
gopkg.in/yaml.v2 v2.4.0/go.mod h1:RDklbk79AGWmwhnvt/jBztapEOGDOx6ZbXqjP6csGnQ=
gopkg.in/yaml.v3 v3.0.1 h1:fxVm/GzAzEWqLHuvctI91KS9hhNmmWOoWu0XTYJS7CA=
gopkg.in/yaml.v3 v3.0.1/go.mod h1:K4uyk7z7BCEPqu6E+C64Yfv1cQ7kz7rIZviUmN+EgEM=
